
Microsoft Visual Studio Solution File, Format Version 12.00
# Visual Studio Version 17
VisualStudioVersion = 17.6.33815.320
MinimumVisualStudioVersion = 10.0.40219.1
Project("{FAE04EC0-301F-11D3-BF4B-00C04F79EFBC}") = "CallCenterAPI", "CallCenterAPI\CallCenterAPI.csproj", "{713CF508-702D-4430-8905-E13FD342AF40}"
EndProject
Global
	GlobalSection(SolutionConfigurationPlatforms) = preSolution
		Debug|Any CPU = Debug|Any CPU
		Release|Any CPU = Release|Any CPU
	EndGlobalSection
	GlobalSection(ProjectConfigurationPlatforms) = postSolution
		{713CF508-702D-4430-8905-E13FD342AF40}.Debug|Any CPU.ActiveCfg = Debug|Any CPU
		{713CF508-702D-4430-8905-E13FD342AF40}.Debug|Any CPU.Build.0 = Debug|Any CPU
		{713CF508-702D-4430-8905-E13FD342AF40}.Release|Any CPU.ActiveCfg = Release|Any CPU
		{713CF508-702D-4430-8905-E13FD342AF40}.Release|Any CPU.Build.0 = Release|Any CPU
	EndGlobalSection
	GlobalSection(SolutionProperties) = preSolution
		HideSolutionNode = FALSE
	EndGlobalSection
	GlobalSection(ExtensibilityGlobals) = postSolution
		SolutionGuid = {B4B898A7-6A20-409F-8D6E-7617ECAED735}
	EndGlobalSection
EndGlobal
